// !$*UTF8*$!
{
	archiveVersion = 1;
	classes = {
	};
	objectVersion = 50;
	objects = {

/* Begin PBXBuildFile section */
		2ED7F46D2680AD190099F16F /* AppDelegate.swift in Sources */ = {isa = PBXBuildFile; fileRef = 2ED7F46C2680AD190099F16F /* AppDelegate.swift */; };
		2ED7F46F2680AD190099F16F /* SceneDelegate.swift in Sources */ = {isa = PBXBuildFile; fileRef = 2ED7F46E2680AD190099F16F /* SceneDelegate.swift */; };
		2ED7F4712680AD190099F16F /* ContentView.swift in Sources */ = {isa = PBXBuildFile; fileRef = 2ED7F4702680AD190099F16F /* ContentView.swift */; };
		2ED7F4732680AD1D0099F16F /* Assets.xcassets in Resources */ = {isa = PBXBuildFile; fileRef = 2ED7F4722680AD1D0099F16F /* Assets.xcassets */; };
		2ED7F4762680AD1D0099F16F /* Preview Assets.xcassets in Resources */ = {isa = PBXBuildFile; fileRef = 2ED7F4752680AD1D0099F16F /* Preview Assets.xcassets */; };
		2ED7F4792680AD1D0099F16F /* LaunchScreen.storyboard in Resources */ = {isa = PBXBuildFile; fileRef = 2ED7F4772680AD1D0099F16F /* LaunchScreen.storyboard */; };
		2ED7F4842680AD770099F16F /* OnboardingView.swift in Sources */ = {isa = PBXBuildFile; fileRef = 2ED7F4832680AD770099F16F /* OnboardingView.swift */; };
		2ED7F48D2680FC7C0099F16F /* DashboardView.swift in Sources */ = {isa = PBXBuildFile; fileRef = 2ED7F48C2680FC7C0099F16F /* DashboardView.swift */; };
		2ED7F4932681C8380099F16F /* ListImageView.swift in Sources */ = {isa = PBXBuildFile; fileRef = 2ED7F4922681C8370099F16F /* ListImageView.swift */; };
		2ED7F4972681CA200099F16F /* DashboardHeaderView.swift in Sources */ = {isa = PBXBuildFile; fileRef = 2ED7F4962681CA200099F16F /* DashboardHeaderView.swift */; };
		2ED7F49B2681CBA70099F16F /* ColorPalletteView.swift in Sources */ = {isa = PBXBuildFile; fileRef = 2ED7F49A2681CBA70099F16F /* ColorPalletteView.swift */; };
/* End PBXBuildFile section */

/* Begin PBXFileReference section */
		2ED7F4692680AD190099F16F /* AGC.app */ = {isa = PBXFileReference; explicitFileType = wrapper.application; includeInIndex = 0; path = AGC.app; sourceTree = BUILT_PRODUCTS_DIR; };
		2ED7F46C2680AD190099F16F /* AppDelegate.swift */ = {isa = PBXFileReference; lastKnownFileType = sourcecode.swift; path = AppDelegate.swift; sourceTree = "<group>"; };
		2ED7F46E2680AD190099F16F /* SceneDelegate.swift */ = {isa = PBXFileReference; lastKnownFileType = sourcecode.swift; path = SceneDelegate.swift; sourceTree = "<group>"; };
		2ED7F4702680AD190099F16F /* ContentView.swift */ = {isa = PBXFileReference; lastKnownFileType = sourcecode.swift; path = ContentView.swift; sourceTree = "<group>"; };
		2ED7F4722680AD1D0099F16F /* Assets.xcassets */ = {isa = PBXFileReference; lastKnownFileType = folder.assetcatalog; path = Assets.xcassets; sourceTree = "<group>"; };
		2ED7F4752680AD1D0099F16F /* Preview Assets.xcassets */ = {isa = PBXFileReference; lastKnownFileType = folder.assetcatalog; path = "Preview Assets.xcassets"; sourceTree = "<group>"; };
		2ED7F4782680AD1D0099F16F /* Base */ = {isa = PBXFileReference; lastKnownFileType = file.storyboard; name = Base; path = Base.lproj/LaunchScreen.storyboard; sourceTree = "<group>"; };
		2ED7F47A2680AD1D0099F16F /* Info.plist */ = {isa = PBXFileReference; lastKnownFileType = text.plist.xml; path = Info.plist; sourceTree = "<group>"; };
		2ED7F4832680AD770099F16F /* OnboardingView.swift */ = {isa = PBXFileReference; lastKnownFileType = sourcecode.swift; path = OnboardingView.swift; sourceTree = "<group>"; };
		2ED7F48C2680FC7C0099F16F /* DashboardView.swift */ = {isa = PBXFileReference; lastKnownFileType = sourcecode.swift; path = DashboardView.swift; sourceTree = "<group>"; };
		2ED7F4922681C8370099F16F /* ListImageView.swift */ = {isa = PBXFileReference; lastKnownFileType = sourcecode.swift; path = ListImageView.swift; sourceTree = "<group>"; };
		2ED7F4962681CA200099F16F /* DashboardHeaderView.swift */ = {isa = PBXFileReference; lastKnownFileType = sourcecode.swift; path = DashboardHeaderView.swift; sourceTree = "<group>"; };
		2ED7F49A2681CBA70099F16F /* ColorPalletteView.swift */ = {isa = PBXFileReference; lastKnownFileType = sourcecode.swift; path = ColorPalletteView.swift; sourceTree = "<group>"; };
/* End PBXFileReference section */

/* Begin PBXFrameworksBuildPhase section */
		2ED7F4662680AD190099F16F /* Frameworks */ = {
			isa = PBXFrameworksBuildPhase;
			buildActionMask = 2147483647;
			files = (
			);
			runOnlyForDeploymentPostprocessing = 0;
		};
/* End PBXFrameworksBuildPhase section */

/* Begin PBXGroup section */
		2ED7F4602680AD190099F16F = {
			isa = PBXGroup;
			children = (
				2ED7F46B2680AD190099F16F /* AGC */,
				2ED7F46A2680AD190099F16F /* Products */,
			);
			sourceTree = "<group>";
		};
		2ED7F46A2680AD190099F16F /* Products */ = {
			isa = PBXGroup;
			children = (
				2ED7F4692680AD190099F16F /* AGC.app */,
			);
			name = Products;
			sourceTree = "<group>";
		};
		2ED7F46B2680AD190099F16F /* AGC */ = {
			isa = PBXGroup;
			children = (
				2ED7F4822680AD5B0099F16F /* SubView */,
				2ED7F4812680AD440099F16F /* Screens */,
				2ED7F46C2680AD190099F16F /* AppDelegate.swift */,
				2ED7F46E2680AD190099F16F /* SceneDelegate.swift */,
				2ED7F4702680AD190099F16F /* ContentView.swift */,
				2ED7F4722680AD1D0099F16F /* Assets.xcassets */,
				2ED7F4772680AD1D0099F16F /* LaunchScreen.storyboard */,
				2ED7F47A2680AD1D0099F16F /* Info.plist */,
				2ED7F4742680AD1D0099F16F /* Preview Content */,
			);
			path = AGC;
			sourceTree = "<group>";
		};
		2ED7F4742680AD1D0099F16F /* Preview Content */ = {
			isa = PBXGroup;
			children = (
				2ED7F4752680AD1D0099F16F /* Preview Assets.xcassets */,
			);
			path = "Preview Content";
			sourceTree = "<group>";
		};
		2ED7F4812680AD440099F16F /* Screens */ = {
			isa = PBXGroup;
			children = (
				2ED7F4832680AD770099F16F /* OnboardingView.swift */,
				2ED7F48C2680FC7C0099F16F /* DashboardView.swift */,
			);
			path = Screens;
			sourceTree = "<group>";
		};
		2ED7F4822680AD5B0099F16F /* SubView */ = {
			isa = PBXGroup;
			children = (
				2ED7F4922681C8370099F16F /* ListImageView.swift */,
				2ED7F4962681CA200099F16F /* DashboardHeaderView.swift */,
				2ED7F49A2681CBA70099F16F /* ColorPalletteView.swift */,
			);
			path = SubView;
			sourceTree = "<group>";
		};
/* End PBXGroup section */

/* Begin PBXNativeTarget section */
		2ED7F4682680AD190099F16F /* AGC */ = {
			isa = PBXNativeTarget;
			buildConfigurationList = 2ED7F47D2680AD1D0099F16F /* Build configuration list for PBXNativeTarget "AGC" */;
			buildPhases = (
				2ED7F4652680AD190099F16F /* Sources */,
				2ED7F4662680AD190099F16F /* Frameworks */,
				2ED7F4672680AD190099F16F /* Resources */,
			);
			buildRules = (
			);
			dependencies = (
			);
			name = AGC;
			productName = AGC;
			productReference = 2ED7F4692680AD190099F16F /* AGC.app */;
			productType = "com.apple.product-type.application";
		};
/* End PBXNativeTarget section */

/* Begin PBXProject section */
		2ED7F4612680AD190099F16F /* Project object */ = {
			isa = PBXProject;
			attributes = {
				LastSwiftUpdateCheck = 1230;
				LastUpgradeCheck = 1230;
				TargetAttributes = {
					2ED7F4682680AD190099F16F = {
						CreatedOnToolsVersion = 12.3;
					};
				};
			};
			buildConfigurationList = 2ED7F4642680AD190099F16F /* Build configuration list for PBXProject "AGC" */;
			compatibilityVersion = "Xcode 9.3";
			developmentRegion = en;
			hasScannedForEncodings = 0;
			knownRegions = (
				en,
				Base,
			);
			mainGroup = 2ED7F4602680AD190099F16F;
			productRefGroup = 2ED7F46A2680AD190099F16F /* Products */;
			projectDirPath = "";
			projectRoot = "";
			targets = (
				2ED7F4682680AD190099F16F /* AGC */,
			);
		};
/* End PBXProject section */

/* Begin PBXResourcesBuildPhase section */
		2ED7F4672680AD190099F16F /* Resources */ = {
			isa = PBXResourcesBuildPhase;
			buildActionMask = 2147483647;
			files = (
				2ED7F4792680AD1D0099F16F /* LaunchScreen.storyboard in Resources */,
				2ED7F4762680AD1D0099F16F /* Preview Assets.xcassets in Resources */,
				2ED7F4732680AD1D0099F16F /* Assets.xcassets in Resources */,
			);
			runOnlyForDeploymentPostprocessing = 0;
		};
/* End PBXResourcesBuildPhase section */

/* Begin PBXSourcesBuildPhase section */
		2ED7F4652680AD190099F16F /* Sources */ = {
			isa = PBXSourcesBuildPhase;
			buildActionMask = 2147483647;
			files = (
				2ED7F46D2680AD190099F16F /* AppDelegate.swift in Sources */,
				2ED7F48D2680FC7C0099F16F /* DashboardView.swift in Sources */,
				2ED7F4932681C8380099F16F /* ListImageView.swift in Sources */,
				2ED7F4842680AD770099F16F /* OnboardingView.swift in Sources */,
				2ED7F4972681CA200099F16F /* DashboardHeaderView.swift in Sources */,
				2ED7F46F2680AD190099F16F /* SceneDelegate.swift in Sources */,
				2ED7F4712680AD190099F16F /* ContentView.swift in Sources */,
				2ED7F49B2681CBA70099F16F /* ColorPalletteView.swift in Sources */,
			);
			runOnlyForDeploymentPostprocessing = 0;
		};
/* End PBXSourcesBuildPhase section */

/* Begin PBXVariantGroup section */
		2ED7F4772680AD1D0099F16F /* LaunchScreen.storyboard */ = {
			isa = PBXVariantGroup;
			children = (
				2ED7F4782680AD1D0099F16F /* Base */,
			);
			name = LaunchScreen.storyboard;
			sourceTree = "<group>";
		};
/* End PBXVariantGroup section */

/* Begin XCBuildConfiguration section */
		2ED7F47B2680AD1D0099F16F /* Debug */ = {
			isa = XCBuildConfiguration;
			buildSettings = {
				ALWAYS_SEARCH_USER_PATHS = NO;
				CLANG_ANALYZER_NONNULL = YES;
				CLANG_ANALYZER_NUMBER_OBJECT_CONVERSION = YES_AGGRESSIVE;
				CLANG_CXX_LANGUAGE_STANDARD = "gnu++14";
				CLANG_CXX_LIBRARY = "libc++";
				CLANG_ENABLE_MODULES = YES;
				CLANG_ENABLE_OBJC_ARC = YES;
				CLANG_ENABLE_OBJC_WEAK = YES;
				CLANG_WARN_BLOCK_CAPTURE_AUTORELEASING = YES;
				CLANG_WARN_BOOL_CONVERSION = YES;
				CLANG_WARN_COMMA = YES;
				CLANG_WARN_CONSTANT_CONVERSION = YES;
				CLANG_WARN_DEPRECATED_OBJC_IMPLEMENTATIONS = YES;
				CLANG_WARN_DIRECT_OBJC_ISA_USAGE = YES_ERROR;
				CLANG_WARN_DOCUMENTATION_COMMENTS = YES;
				CLANG_WARN_EMPTY_BODY = YES;
				CLANG_WARN_ENUM_CONVERSION = YES;
				CLANG_WARN_INFINITE_RECURSION = YES;
				CLANG_WARN_INT_CONVERSION = YES;
				CLANG_WARN_NON_LITERAL_NULL_CONVERSION = YES;
				CLANG_WARN_OBJC_IMPLICIT_RETAIN_SELF = YES;
				CLANG_WARN_OBJC_LITERAL_CONVERSION = YES;
				CLANG_WARN_OBJC_ROOT_CLASS = YES_ERROR;
				CLANG_WARN_QUOTED_INCLUDE_IN_FRAMEWORK_HEADER = YES;
				CLANG_WARN_RANGE_LOOP_ANALYSIS = YES;
				CLANG_WARN_STRICT_PROTOTYPES = YES;
				CLANG_WARN_SUSPICIOUS_MOVE = YES;
				CLANG_WARN_UNGUARDED_AVAILABILITY = YES_AGGRESSIVE;
				CLANG_WARN_UNREACHABLE_CODE = YES;
				CLANG_WARN__DUPLICATE_METHOD_MATCH = YES;
				COPY_PHASE_STRIP = NO;
				DEBUG_INFORMATION_FORMAT = dwarf;
				ENABLE_STRICT_OBJC_MSGSEND = YES;
				ENABLE_TESTABILITY = YES;
				GCC_C_LANGUAGE_STANDARD = gnu11;
				GCC_DYNAMIC_NO_PIC = NO;
				GCC_NO_COMMON_BLOCKS = YES;
				GCC_OPTIMIZATION_LEVEL = 0;
				GCC_PREPROCESSOR_DEFINITIONS = (
					"DEBUG=1",
					"$(inherited)",
				);
				GCC_WARN_64_TO_32_BIT_CONVERSION = YES;
				GCC_WARN_ABOUT_RETURN_TYPE = YES_ERROR;
				GCC_WARN_UNDECLARED_SELECTOR = YES;
				GCC_WARN_UNINITIALIZED_AUTOS = YES_AGGRESSIVE;
				GCC_WARN_UNUSED_FUNCTION = YES;
				GCC_WARN_UNUSED_VARIABLE = YES;
				IPHONEOS_DEPLOYMENT_TARGET = 14.3;
				MTL_ENABLE_DEBUG_INFO = INCLUDE_SOURCE;
				MTL_FAST_MATH = YES;
				ONLY_ACTIVE_ARCH = YES;
				SDKROOT = iphoneos;
				SWIFT_ACTIVE_COMPILATION_CONDITIONS = DEBUG;
				SWIFT_OPTIMIZATION_LEVEL = "-Onone";
			};
			name = Debug;
		};
		2ED7F47C2680AD1D0099F16F /* Release */ = {
			isa = XCBuildConfiguration;
			buildSettings = {
				ALWAYS_SEARCH_USER_PATHS = NO;
				CLANG_ANALYZER_NONNULL = YES;
				CLANG_ANALYZER_NUMBER_OBJECT_CONVERSION = YES_AGGRESSIVE;
				CLANG_CXX_LANGUAGE_STANDARD = "gnu++14";
				CLANG_CXX_LIBRARY = "libc++";
				CLANG_ENABLE_MODULES = YES;
				CLANG_ENABLE_OBJC_ARC = YES;
				CLANG_ENABLE_OBJC_WEAK = YES;
				CLANG_WARN_BLOCK_CAPTURE_AUTORELEASING = YES;
				CLANG_WARN_BOOL_CONVERSION = YES;
				CLANG_WARN_COMMA = YES;
				CLANG_WARN_CONSTANT_CONVERSION = YES;
				CLANG_WARN_DEPRECATED_OBJC_IMPLEMENTATIONS = YES;
				CLANG_WARN_DIRECT_OBJC_ISA_USAGE = YES_ERROR;
				CLANG_WARN_DOCUMENTATION_COMMENTS = YES;
				CLANG_WARN_EMPTY_BODY = YES;
				CLANG_WARN_ENUM_CONVERSION = YES;
				CLANG_WARN_INFINITE_RECURSION = YES;
				CLANG_WARN_INT_CONVERSION = YES;
				CLANG_WARN_NON_LITERAL_NULL_CONVERSION = YES;
				CLANG_WARN_OBJC_IMPLICIT_RETAIN_SELF = YES;
				CLANG_WARN_OBJC_LITERAL_CONVERSION = YES;
				CLANG_WARN_OBJC_ROOT_CLASS = YES_ERROR;
				CLANG_WARN_QUOTED_INCLUDE_IN_FRAMEWORK_HEADER = YES;
				CLANG_WARN_RANGE_LOOP_ANALYSIS = YES;
				CLANG_WARN_STRICT_PROTOTYPES = YES;
				CLANG_WARN_SUSPICIOUS_MOVE = YES;
				CLANG_WARN_UNGUARDED_AVAILABILITY = YES_AGGRESSIVE;
				CLANG_WARN_UNREACHABLE_CODE = YES;
				CLANG_WARN__DUPLICATE_METHOD_MATCH = YES;
				COPY_PHASE_STRIP = NO;
				DEBUG_INFORMATION_FORMAT = "dwarf-with-dsym";
				ENABLE_NS_ASSERTIONS = NO;
				ENABLE_STRICT_OBJC_MSGSEND = YES;
				GCC_C_LANGUAGE_STANDARD = gnu11;
				GCC_NO_COMMON_BLOCKS = YES;
				GCC_WARN_64_TO_32_BIT_CONVERSION = YES;
				GCC_WARN_ABOUT_RETURN_TYPE = YES_ERROR;
				GCC_WARN_UNDECLARED_SELECTOR = YES;
				GCC_WARN_UNINITIALIZED_AUTOS = YES_AGGRESSIVE;
				GCC_WARN_UNUSED_FUNCTION = YES;
				GCC_WARN_UNUSED_VARIABLE = YES;
				IPHONEOS_DEPLOYMENT_TARGET = 14.3;
				MTL_ENABLE_DEBUG_INFO = NO;
				MTL_FAST_MATH = YES;
				SDKROOT = iphoneos;
				SWIFT_COMPILATION_MODE = wholemodule;
				SWIFT_OPTIMIZATION_LEVEL = "-O";
				VALIDATE_PRODUCT = YES;
			};
			name = Release;
		};
		2ED7F47E2680AD1D0099F16F /* Debug */ = {
			isa = XCBuildConfiguration;
			buildSettings = {
				ASSETCATALOG_COMPILER_APPICON_NAME = AppIcon;
				ASSETCATALOG_COMPILER_GLOBAL_ACCENT_COLOR_NAME = AccentColor;
				CODE_SIGN_STYLE = Automatic;
				DEVELOPMENT_ASSET_PATHS = "\"AGC/Preview Content\"";
				DEVELOPMENT_TEAM = ZT7SZU32GJ;
				ENABLE_PREVIEWS = YES;
				INFOPLIST_FILE = AGC/Info.plist;
				LD_RUNPATH_SEARCH_PATHS = (
					"$(inherited)",
					"@executable_path/Frameworks",
				);
				PRODUCT_BUNDLE_IDENTIFIER = com.aakashsinha.AGC;
				PRODUCT_NAME = "$(TARGET_NAME)";
				SWIFT_VERSION = 5.0;
				TARGETED_DEVICE_FAMILY = "1,2";
			};
			name = Debug;
		};
		2ED7F47F2680AD1D0099F16F /* Release */ = {
			isa = XCBuildConfiguration;
			buildSettings = {
				ASSETCATALOG_COMPILER_APPICON_NAME = AppIcon;
				ASSETCATALOG_COMPILER_GLOBAL_ACCENT_COLOR_NAME = AccentColor;
				CODE_SIGN_STYLE = Automatic;
				DEVELOPMENT_ASSET_PATHS = "\"AGC/Preview Content\"";
				DEVELOPMENT_TEAM = ZT7SZU32GJ;
				ENABLE_PREVIEWS = YES;
				INFOPLIST_FILE = AGC/Info.plist;
				LD_RUNPATH_SEARCH_PATHS = (
					"$(inherited)",
					"@executable_path/Frameworks",
				);
				PRODUCT_BUNDLE_IDENTIFIER = com.aakashsinha.AGC;
				PRODUCT_NAME = "$(TARGET_NAME)";
				SWIFT_VERSION = 5.0;
				TARGETED_DEVICE_FAMILY = "1,2";
			};
			name = Release;
		};
/* End XCBuildConfiguration section */

/* Begin XCConfigurationList section */
		2ED7F4642680AD190099F16F /* Build configuration list for PBXProject "AGC" */ = {
			isa = XCConfigurationList;
			buildConfigurations = (
				2ED7F47B2680AD1D0099F16F /* Debug */,
				2ED7F47C2680AD1D0099F16F /* Release */,
			);
			defaultConfigurationIsVisible = 0;
			defaultConfigurationName = Release;
		};
		2ED7F47D2680AD1D0099F16F /* Build configuration list for PBXNativeTarget "AGC" */ = {
			isa = XCConfigurationList;
			buildConfigurations = (
				2ED7F47E2680AD1D0099F16F /* Debug */,
				2ED7F47F2680AD1D0099F16F /* Release */,
			);
			defaultConfigurationIsVisible = 0;
			defaultConfigurationName = Release;
		};
/* End XCConfigurationList section */
	};
	rootObject = 2ED7F4612680AD190099F16F /* Project object */;
}
